
Microsoft Visual Studio Solution File, Format Version 12.00
# Visual Studio 15
VisualStudioVersion = 15.0.27703.2047
MinimumVisualStudioVersion = 10.0.40219.1
Project("{9A19103F-16F7-4668-BE54-9A1E7A4F7556}") = "MelBot", "MelBot\MelBot.csproj", "{42A709D0-89E4-40F6-B34C-3A76740132DE}"
EndProject
Global
	GlobalSection(SolutionConfigurationPlatforms) = preSolution
		Debug|Any CPU = Debug|Any CPU
		MelBOT|Any CPU = MelBOT|Any CPU
		Release|Any CPU = Release|Any CPU
	EndGlobalSection
	GlobalSection(ProjectConfigurationPlatforms) = postSolution
		{42A709D0-89E4-40F6-B34C-3A76740132DE}.Debug|Any CPU.ActiveCfg = Debug|Any CPU
		{42A709D0-89E4-40F6-B34C-3A76740132DE}.Debug|Any CPU.Build.0 = Debug|Any CPU
		{42A709D0-89E4-40F6-B34C-3A76740132DE}.MelBOT|Any CPU.ActiveCfg = MelBOT|Any CPU
		{42A709D0-89E4-40F6-B34C-3A76740132DE}.MelBOT|Any CPU.Build.0 = MelBOT|Any CPU
		{42A709D0-89E4-40F6-B34C-3A76740132DE}.Release|Any CPU.ActiveCfg = Release|Any CPU
		{42A709D0-89E4-40F6-B34C-3A76740132DE}.Release|Any CPU.Build.0 = Release|Any CPU
	EndGlobalSection
	GlobalSection(SolutionProperties) = preSolution
		HideSolutionNode = FALSE
	EndGlobalSection
	GlobalSection(ExtensibilityGlobals) = postSolution
		SolutionGuid = {949BD659-4FE9-4517-96E2-BEB20B519381}
	EndGlobalSection
EndGlobal
